# THIS IS AN AUTOGENERATED FILE. DO NOT EDIT THIS FILE DIRECTLY.
# yarn lockfile v1


"@heroku/buildpack-registry@^1.0.1":
  "integrity" "sha512-cbB6ND+unRk692jf1PctcoqnmuyifanTMtFStucXukkpyeI/QgXac5qJNb3g6yhHOObTghJBXi9Uzy1KBcnPgQ=="
  "resolved" "https://registry.npmjs.org/@heroku/buildpack-registry/-/buildpack-registry-1.0.1.tgz"
  "version" "1.0.1"
  dependencies:
    "node-fetch" "^2.2.0"
    "true-myth" "^2.0.0"

"node-fetch@^2.2.0":
  "integrity" "sha512-ZjMPFEfVx5j+y2yF35Kzx5sF7kDzxuDj6ziH4FFbOp87zKDZNx8yExJIb05OGF4Nlt9IHFIMBkRl41VdvcNdbQ=="
  "resolved" "https://registry.npmjs.org/node-fetch/-/node-fetch-2.6.7.tgz"
  "version" "2.6.7"
  dependencies:
    "whatwg-url" "^5.0.0"

"tr46@~0.0.3":
  "integrity" "sha1-gYT9NH2snNwYWZLzpmIuFLnZq2o="
  "resolved" "https://registry.npmjs.org/tr46/-/tr46-0.0.3.tgz"
  "version" "0.0.3"

"true-myth@^2.0.0":
  "integrity" "sha512-ds6rEGLDgVZZId9v+WK0kj7gc7x6LOJ8HVGGDrrWekYdJGCShGeV37z39124zgF73OtmlAqoDDZnDTmygr2D4g=="
  "resolved" "https://registry.npmjs.org/true-myth/-/true-myth-2.2.8.tgz"
  "version" "2.2.8"

"webidl-conversions@^3.0.0":
  "integrity" "sha1-JFNCdeKnvGvnvIZhHMFq4KVlSHE="
  "resolved" "https://registry.npmjs.org/webidl-conversions/-/webidl-conversions-3.0.1.tgz"
  "version" "3.0.1"

"whatwg-url@^5.0.0":
  "integrity" "sha1-lmRU6HZUYuN2RNNib2dCzotwll0="
  "resolved" "https://registry.npmjs.org/whatwg-url/-/whatwg-url-5.0.0.tgz"
  "version" "5.0.0"
  dependencies:
    "tr46" "~0.0.3"
    "webidl-conversions" "^3.0.0"
